
Microsoft Visual Studio Solution File, Format Version 12.00
# Visual Studio Version 16
VisualStudioVersion = 16.0.32510.428
MinimumVisualStudioVersion = 10.0.40219.1
Project("{FAE04EC0-301F-11D3-BF4B-00C04F79EFBC}") = "CaseStudy", "CaseStudy\CaseStudy.csproj", "{E57FB81C-46AB-464D-8671-9482C4C983C2}"
EndProject
Global
	GlobalSection(SolutionConfigurationPlatforms) = preSolution
		Debug|Any CPU = Debug|Any CPU
		Release|Any CPU = Release|Any CPU
	EndGlobalSection
	GlobalSection(ProjectConfigurationPlatforms) = postSolution
		{E57FB81C-46AB-464D-8671-9482C4C983C2}.Debug|Any CPU.ActiveCfg = Debug|Any CPU
		{E57FB81C-46AB-464D-8671-9482C4C983C2}.Debug|Any CPU.Build.0 = Debug|Any CPU
		{E57FB81C-46AB-464D-8671-9482C4C983C2}.Release|Any CPU.ActiveCfg = Release|Any CPU
		{E57FB81C-46AB-464D-8671-9482C4C983C2}.Release|Any CPU.Build.0 = Release|Any CPU
	EndGlobalSection
	GlobalSection(SolutionProperties) = preSolution
		HideSolutionNode = FALSE
	EndGlobalSection
	GlobalSection(ExtensibilityGlobals) = postSolution
		SolutionGuid = {43448474-8F71-4A32-84F7-1A607B6C1D5B}
	EndGlobalSection
EndGlobal
