
Microsoft Visual Studio Solution File, Format Version 12.00
# Visual Studio Version 17
VisualStudioVersion = 17.1.32228.430
MinimumVisualStudioVersion = 10.0.40219.1
Project("{FAE04EC0-301F-11D3-BF4B-00C04F79EFBC}") = "CRUD_Connected", "CRUD_Connected\CRUD_Connected.csproj", "{43964C95-5C83-4329-A3BA-D4A33CE75967}"
EndProject
Global
	GlobalSection(SolutionConfigurationPlatforms) = preSolution
		Debug|Any CPU = Debug|Any CPU
		Release|Any CPU = Release|Any CPU
	EndGlobalSection
	GlobalSection(ProjectConfigurationPlatforms) = postSolution
		{43964C95-5C83-4329-A3BA-D4A33CE75967}.Debug|Any CPU.ActiveCfg = Debug|Any CPU
		{43964C95-5C83-4329-A3BA-D4A33CE75967}.Debug|Any CPU.Build.0 = Debug|Any CPU
		{43964C95-5C83-4329-A3BA-D4A33CE75967}.Release|Any CPU.ActiveCfg = Release|Any CPU
		{43964C95-5C83-4329-A3BA-D4A33CE75967}.Release|Any CPU.Build.0 = Release|Any CPU
	EndGlobalSection
	GlobalSection(SolutionProperties) = preSolution
		HideSolutionNode = FALSE
	EndGlobalSection
	GlobalSection(ExtensibilityGlobals) = postSolution
		SolutionGuid = {78A4A30F-9E05-44B0-A2B6-9FF222CBB007}
	EndGlobalSection
EndGlobal
