
Microsoft Visual Studio Solution File, Format Version 12.00
# Visual Studio Version 16
VisualStudioVersion = 16.0.32510.428
MinimumVisualStudioVersion = 10.0.40219.1
Project("{F184B08F-C81C-45F6-A57F-5ABD9991F28F}") = "Ajaxprj", "Ajaxprj\Ajaxprj.vbproj", "{F12F6A8B-223A-487B-B8AA-60F64F75DFCC}"
EndProject
Global
	GlobalSection(SolutionConfigurationPlatforms) = preSolution
		Debug|Any CPU = Debug|Any CPU
		Release|Any CPU = Release|Any CPU
	EndGlobalSection
	GlobalSection(ProjectConfigurationPlatforms) = postSolution
		{F12F6A8B-223A-487B-B8AA-60F64F75DFCC}.Debug|Any CPU.ActiveCfg = Debug|Any CPU
		{F12F6A8B-223A-487B-B8AA-60F64F75DFCC}.Debug|Any CPU.Build.0 = Debug|Any CPU
		{F12F6A8B-223A-487B-B8AA-60F64F75DFCC}.Release|Any CPU.ActiveCfg = Release|Any CPU
		{F12F6A8B-223A-487B-B8AA-60F64F75DFCC}.Release|Any CPU.Build.0 = Release|Any CPU
	EndGlobalSection
	GlobalSection(SolutionProperties) = preSolution
		HideSolutionNode = FALSE
	EndGlobalSection
	GlobalSection(ExtensibilityGlobals) = postSolution
		SolutionGuid = {26BE774A-5157-4DCD-BBD0-E4CF4118F90D}
	EndGlobalSection
EndGlobal
