
Microsoft Visual Studio Solution File, Format Version 12.00
# Visual Studio Version 17
VisualStudioVersion = 17.1.32228.430
MinimumVisualStudioVersion = 10.0.40219.1
Project("{FAE04EC0-301F-11D3-BF4B-00C04F79EFBC}") = "ASSIGNMENT 7", "ASSIGNMENT 7\ASSIGNMENT 7.csproj", "{58CD53D7-5AD0-45EA-8840-F6E4B479DA9D}"
EndProject
Global
	GlobalSection(SolutionConfigurationPlatforms) = preSolution
		Debug|Any CPU = Debug|Any CPU
		Release|Any CPU = Release|Any CPU
	EndGlobalSection
	GlobalSection(ProjectConfigurationPlatforms) = postSolution
		{58CD53D7-5AD0-45EA-8840-F6E4B479DA9D}.Debug|Any CPU.ActiveCfg = Debug|Any CPU
		{58CD53D7-5AD0-45EA-8840-F6E4B479DA9D}.Debug|Any CPU.Build.0 = Debug|Any CPU
		{58CD53D7-5AD0-45EA-8840-F6E4B479DA9D}.Release|Any CPU.ActiveCfg = Release|Any CPU
		{58CD53D7-5AD0-45EA-8840-F6E4B479DA9D}.Release|Any CPU.Build.0 = Release|Any CPU
	EndGlobalSection
	GlobalSection(SolutionProperties) = preSolution
		HideSolutionNode = FALSE
	EndGlobalSection
	GlobalSection(ExtensibilityGlobals) = postSolution
		SolutionGuid = {5A79015A-040C-4CB1-9131-292C5421845A}
	EndGlobalSection
EndGlobal
