
Microsoft Visual Studio Solution File, Format Version 12.00
# Visual Studio Version 16
VisualStudioVersion = 16.0.32510.428
MinimumVisualStudioVersion = 10.0.40219.1
Project("{FAE04EC0-301F-11D3-BF4B-00C04F79EFBC}") = "DAY4ASP", "DAY4ASP\DAY4ASP.csproj", "{05FD9268-8DF1-442C-B52F-CF94E01F7DB5}"
EndProject
Global
	GlobalSection(SolutionConfigurationPlatforms) = preSolution
		Debug|Any CPU = Debug|Any CPU
		Release|Any CPU = Release|Any CPU
	EndGlobalSection
	GlobalSection(ProjectConfigurationPlatforms) = postSolution
		{05FD9268-8DF1-442C-B52F-CF94E01F7DB5}.Debug|Any CPU.ActiveCfg = Debug|Any CPU
		{05FD9268-8DF1-442C-B52F-CF94E01F7DB5}.Debug|Any CPU.Build.0 = Debug|Any CPU
		{05FD9268-8DF1-442C-B52F-CF94E01F7DB5}.Release|Any CPU.ActiveCfg = Release|Any CPU
		{05FD9268-8DF1-442C-B52F-CF94E01F7DB5}.Release|Any CPU.Build.0 = Release|Any CPU
	EndGlobalSection
	GlobalSection(SolutionProperties) = preSolution
		HideSolutionNode = FALSE
	EndGlobalSection
	GlobalSection(ExtensibilityGlobals) = postSolution
		SolutionGuid = {A6D651C3-BA3D-46ED-961D-E18B88D55DB5}
	EndGlobalSection
EndGlobal
