
Microsoft Visual Studio Solution File, Format Version 12.00
# Visual Studio Version 16
VisualStudioVersion = 16.0.32510.428
MinimumVisualStudioVersion = 10.0.40219.1
Project("{FAE04EC0-301F-11D3-BF4B-00C04F79EFBC}") = "Registration", "Registration\Registration.csproj", "{A7989D01-D0B1-49BA-816E-470D065ACBF6}"
EndProject
Global
	GlobalSection(SolutionConfigurationPlatforms) = preSolution
		Debug|Any CPU = Debug|Any CPU
		Release|Any CPU = Release|Any CPU
	EndGlobalSection
	GlobalSection(ProjectConfigurationPlatforms) = postSolution
		{A7989D01-D0B1-49BA-816E-470D065ACBF6}.Debug|Any CPU.ActiveCfg = Debug|Any CPU
		{A7989D01-D0B1-49BA-816E-470D065ACBF6}.Debug|Any CPU.Build.0 = Debug|Any CPU
		{A7989D01-D0B1-49BA-816E-470D065ACBF6}.Release|Any CPU.ActiveCfg = Release|Any CPU
		{A7989D01-D0B1-49BA-816E-470D065ACBF6}.Release|Any CPU.Build.0 = Release|Any CPU
	EndGlobalSection
	GlobalSection(SolutionProperties) = preSolution
		HideSolutionNode = FALSE
	EndGlobalSection
	GlobalSection(ExtensibilityGlobals) = postSolution
		SolutionGuid = {5623E37E-1136-4917-B872-9D54EDEBD80D}
	EndGlobalSection
EndGlobal
