
Microsoft Visual Studio Solution File, Format Version 12.00
# Visual Studio Version 17
VisualStudioVersion = 17.1.32228.430
MinimumVisualStudioVersion = 10.0.40219.1
Project("{FAE04EC0-301F-11D3-BF4B-00C04F79EFBC}") = "CodingTest1", "CodingTest1\CodingTest1.csproj", "{68B941DC-5527-4A75-8D33-AA7A36071EB8}"
EndProject
Global
	GlobalSection(SolutionConfigurationPlatforms) = preSolution
		Debug|Any CPU = Debug|Any CPU
		Release|Any CPU = Release|Any CPU
	EndGlobalSection
	GlobalSection(ProjectConfigurationPlatforms) = postSolution
		{68B941DC-5527-4A75-8D33-AA7A36071EB8}.Debug|Any CPU.ActiveCfg = Debug|Any CPU
		{68B941DC-5527-4A75-8D33-AA7A36071EB8}.Debug|Any CPU.Build.0 = Debug|Any CPU
		{68B941DC-5527-4A75-8D33-AA7A36071EB8}.Release|Any CPU.ActiveCfg = Release|Any CPU
		{68B941DC-5527-4A75-8D33-AA7A36071EB8}.Release|Any CPU.Build.0 = Release|Any CPU
	EndGlobalSection
	GlobalSection(SolutionProperties) = preSolution
		HideSolutionNode = FALSE
	EndGlobalSection
	GlobalSection(ExtensibilityGlobals) = postSolution
		SolutionGuid = {F3BA591D-F73B-4375-B496-B124B4AF3591}
	EndGlobalSection
EndGlobal
