
Microsoft Visual Studio Solution File, Format Version 12.00
# Visual Studio Version 16
VisualStudioVersion = 16.0.32510.428
MinimumVisualStudioVersion = 10.0.40219.1
Project("{FAE04EC0-301F-11D3-BF4B-00C04F79EFBC}") = "WebApplication1", "WebApplication1\WebApplication1.csproj", "{D9023A84-3A05-4BB5-96AC-4380EEA7E087}"
EndProject
Global
	GlobalSection(SolutionConfigurationPlatforms) = preSolution
		Debug|Any CPU = Debug|Any CPU
		Release|Any CPU = Release|Any CPU
	EndGlobalSection
	GlobalSection(ProjectConfigurationPlatforms) = postSolution
		{D9023A84-3A05-4BB5-96AC-4380EEA7E087}.Debug|Any CPU.ActiveCfg = Debug|Any CPU
		{D9023A84-3A05-4BB5-96AC-4380EEA7E087}.Debug|Any CPU.Build.0 = Debug|Any CPU
		{D9023A84-3A05-4BB5-96AC-4380EEA7E087}.Release|Any CPU.ActiveCfg = Release|Any CPU
		{D9023A84-3A05-4BB5-96AC-4380EEA7E087}.Release|Any CPU.Build.0 = Release|Any CPU
	EndGlobalSection
	GlobalSection(SolutionProperties) = preSolution
		HideSolutionNode = FALSE
	EndGlobalSection
	GlobalSection(ExtensibilityGlobals) = postSolution
		SolutionGuid = {07D87635-17B9-46BB-AEE6-A39DA05E4716}
	EndGlobalSection
EndGlobal
