
Microsoft Visual Studio Solution File, Format Version 12.00
# Visual Studio Version 16
VisualStudioVersion = 16.0.32510.428
MinimumVisualStudioVersion = 10.0.40219.1
Project("{FAE04EC0-301F-11D3-BF4B-00C04F79EFBC}") = "MVCMovies", "MVCMovies\MVCMovies.csproj", "{05ABF59C-F0B3-4CA3-899D-8FC4392CBEDB}"
EndProject
Global
	GlobalSection(SolutionConfigurationPlatforms) = preSolution
		Debug|Any CPU = Debug|Any CPU
		Release|Any CPU = Release|Any CPU
	EndGlobalSection
	GlobalSection(ProjectConfigurationPlatforms) = postSolution
		{05ABF59C-F0B3-4CA3-899D-8FC4392CBEDB}.Debug|Any CPU.ActiveCfg = Debug|Any CPU
		{05ABF59C-F0B3-4CA3-899D-8FC4392CBEDB}.Debug|Any CPU.Build.0 = Debug|Any CPU
		{05ABF59C-F0B3-4CA3-899D-8FC4392CBEDB}.Release|Any CPU.ActiveCfg = Release|Any CPU
		{05ABF59C-F0B3-4CA3-899D-8FC4392CBEDB}.Release|Any CPU.Build.0 = Release|Any CPU
	EndGlobalSection
	GlobalSection(SolutionProperties) = preSolution
		HideSolutionNode = FALSE
	EndGlobalSection
	GlobalSection(ExtensibilityGlobals) = postSolution
		SolutionGuid = {4D8C863C-78AB-4762-A902-E8B49F2EDA90}
	EndGlobalSection
EndGlobal
