
Microsoft Visual Studio Solution File, Format Version 12.00
# Visual Studio Version 16
VisualStudioVersion = 16.0.32510.428
MinimumVisualStudioVersion = 10.0.40219.1
Project("{FAE04EC0-301F-11D3-BF4B-00C04F79EFBC}") = "MVCMovies", "MVCMovies\MVCMovies.csproj", "{BC579B42-AA0F-4ECA-916C-F33C78B474E8}"
EndProject
Global
	GlobalSection(SolutionConfigurationPlatforms) = preSolution
		Debug|Any CPU = Debug|Any CPU
		Release|Any CPU = Release|Any CPU
	EndGlobalSection
	GlobalSection(ProjectConfigurationPlatforms) = postSolution
		{BC579B42-AA0F-4ECA-916C-F33C78B474E8}.Debug|Any CPU.ActiveCfg = Debug|Any CPU
		{BC579B42-AA0F-4ECA-916C-F33C78B474E8}.Debug|Any CPU.Build.0 = Debug|Any CPU
		{BC579B42-AA0F-4ECA-916C-F33C78B474E8}.Release|Any CPU.ActiveCfg = Release|Any CPU
		{BC579B42-AA0F-4ECA-916C-F33C78B474E8}.Release|Any CPU.Build.0 = Release|Any CPU
	EndGlobalSection
	GlobalSection(SolutionProperties) = preSolution
		HideSolutionNode = FALSE
	EndGlobalSection
	GlobalSection(ExtensibilityGlobals) = postSolution
		SolutionGuid = {2AB3C65D-67E3-45C5-8AF7-88622F3BC779}
	EndGlobalSection
EndGlobal
