
Microsoft Visual Studio Solution File, Format Version 12.00
# Visual Studio Version 17
VisualStudioVersion = 17.1.32228.430
MinimumVisualStudioVersion = 10.0.40219.1
Project("{FAE04EC0-301F-11D3-BF4B-00C04F79EFBC}") = "BasicAdo1", "BasicAdo1\BasicAdo1.csproj", "{753547C8-5B71-4BB3-9FCC-E743735FA568}"
EndProject
Global
	GlobalSection(SolutionConfigurationPlatforms) = preSolution
		Debug|Any CPU = Debug|Any CPU
		Release|Any CPU = Release|Any CPU
	EndGlobalSection
	GlobalSection(ProjectConfigurationPlatforms) = postSolution
		{753547C8-5B71-4BB3-9FCC-E743735FA568}.Debug|Any CPU.ActiveCfg = Debug|Any CPU
		{753547C8-5B71-4BB3-9FCC-E743735FA568}.Debug|Any CPU.Build.0 = Debug|Any CPU
		{753547C8-5B71-4BB3-9FCC-E743735FA568}.Release|Any CPU.ActiveCfg = Release|Any CPU
		{753547C8-5B71-4BB3-9FCC-E743735FA568}.Release|Any CPU.Build.0 = Release|Any CPU
	EndGlobalSection
	GlobalSection(SolutionProperties) = preSolution
		HideSolutionNode = FALSE
	EndGlobalSection
	GlobalSection(ExtensibilityGlobals) = postSolution
		SolutionGuid = {916F91CC-2F20-4728-8053-DA0B689E1443}
	EndGlobalSection
EndGlobal
