
Microsoft Visual Studio Solution File, Format Version 12.00
# Visual Studio Version 16
VisualStudioVersion = 16.0.32510.428
MinimumVisualStudioVersion = 10.0.40219.1
Project("{FAE04EC0-301F-11D3-BF4B-00C04F79EFBC}") = "Day3_Model_First", "Day3_Model_First\Day3_Model_First.csproj", "{323818BB-85AC-4278-94F9-CC9C4B330DBC}"
EndProject
Global
	GlobalSection(SolutionConfigurationPlatforms) = preSolution
		Debug|Any CPU = Debug|Any CPU
		Release|Any CPU = Release|Any CPU
	EndGlobalSection
	GlobalSection(ProjectConfigurationPlatforms) = postSolution
		{323818BB-85AC-4278-94F9-CC9C4B330DBC}.Debug|Any CPU.ActiveCfg = Debug|Any CPU
		{323818BB-85AC-4278-94F9-CC9C4B330DBC}.Debug|Any CPU.Build.0 = Debug|Any CPU
		{323818BB-85AC-4278-94F9-CC9C4B330DBC}.Release|Any CPU.ActiveCfg = Release|Any CPU
		{323818BB-85AC-4278-94F9-CC9C4B330DBC}.Release|Any CPU.Build.0 = Release|Any CPU
	EndGlobalSection
	GlobalSection(SolutionProperties) = preSolution
		HideSolutionNode = FALSE
	EndGlobalSection
	GlobalSection(ExtensibilityGlobals) = postSolution
		SolutionGuid = {76668FC6-6332-493B-B5C0-DA47D47EE466}
	EndGlobalSection
EndGlobal
