
Microsoft Visual Studio Solution File, Format Version 12.00
# Visual Studio Version 16
VisualStudioVersion = 16.0.32510.428
MinimumVisualStudioVersion = 10.0.40219.1
Project("{FAE04EC0-301F-11D3-BF4B-00C04F79EFBC}") = "DAY2Webapplication", "DAY2Webapplication\DAY2Webapplication.csproj", "{5724460B-CEA1-4635-8BFA-6E8700C017DE}"
EndProject
Global
	GlobalSection(SolutionConfigurationPlatforms) = preSolution
		Debug|Any CPU = Debug|Any CPU
		Release|Any CPU = Release|Any CPU
	EndGlobalSection
	GlobalSection(ProjectConfigurationPlatforms) = postSolution
		{5724460B-CEA1-4635-8BFA-6E8700C017DE}.Debug|Any CPU.ActiveCfg = Debug|Any CPU
		{5724460B-CEA1-4635-8BFA-6E8700C017DE}.Debug|Any CPU.Build.0 = Debug|Any CPU
		{5724460B-CEA1-4635-8BFA-6E8700C017DE}.Release|Any CPU.ActiveCfg = Release|Any CPU
		{5724460B-CEA1-4635-8BFA-6E8700C017DE}.Release|Any CPU.Build.0 = Release|Any CPU
	EndGlobalSection
	GlobalSection(SolutionProperties) = preSolution
		HideSolutionNode = FALSE
	EndGlobalSection
	GlobalSection(ExtensibilityGlobals) = postSolution
		SolutionGuid = {6DBDE8BE-6F99-47D9-95EB-BC91A1B77E99}
	EndGlobalSection
EndGlobal
