
Microsoft Visual Studio Solution File, Format Version 12.00
# Visual Studio Version 16
VisualStudioVersion = 16.0.32510.428
MinimumVisualStudioVersion = 10.0.40219.1
Project("{FAE04EC0-301F-11D3-BF4B-00C04F79EFBC}") = "ASPWebApi", "ASPWebApi\ASPWebApi.csproj", "{58DF2F21-D2B2-442A-8F51-6BE0EE3542F4}"
EndProject
Global
	GlobalSection(SolutionConfigurationPlatforms) = preSolution
		Debug|Any CPU = Debug|Any CPU
		Release|Any CPU = Release|Any CPU
	EndGlobalSection
	GlobalSection(ProjectConfigurationPlatforms) = postSolution
		{58DF2F21-D2B2-442A-8F51-6BE0EE3542F4}.Debug|Any CPU.ActiveCfg = Debug|Any CPU
		{58DF2F21-D2B2-442A-8F51-6BE0EE3542F4}.Debug|Any CPU.Build.0 = Debug|Any CPU
		{58DF2F21-D2B2-442A-8F51-6BE0EE3542F4}.Release|Any CPU.ActiveCfg = Release|Any CPU
		{58DF2F21-D2B2-442A-8F51-6BE0EE3542F4}.Release|Any CPU.Build.0 = Release|Any CPU
	EndGlobalSection
	GlobalSection(SolutionProperties) = preSolution
		HideSolutionNode = FALSE
	EndGlobalSection
	GlobalSection(ExtensibilityGlobals) = postSolution
		SolutionGuid = {9F0C993B-400F-4B63-A061-F0D67ED21E37}
	EndGlobalSection
EndGlobal
